
Microsoft Visual Studio Solution File, Format Version 12.00
# Visual Studio Version 16
VisualStudioVersion = 16.0.31205.134
MinimumVisualStudioVersion = 10.0.40219.1
Project("{FAE04EC0-301F-11D3-BF4B-00C04F79EFBC}") = "Szavazo", "Szavazo\Szavazo.csproj", "{8F34E8F1-507C-4E4E-9F9C-976A99ECDF4E}"
EndProject
Project("{FAE04EC0-301F-11D3-BF4B-00C04F79EFBC}") = "Persistence", "Persistence\Persistence.csproj", "{79F8824B-BDF0-4132-8795-CE28A720D985}"
EndProject
Global
	GlobalSection(SolutionConfigurationPlatforms) = preSolution
		Debug|Any CPU = Debug|Any CPU
		Release|Any CPU = Release|Any CPU
	EndGlobalSection
	GlobalSection(ProjectConfigurationPlatforms) = postSolution
		{8F34E8F1-507C-4E4E-9F9C-976A99ECDF4E}.Debug|Any CPU.ActiveCfg = Debug|Any CPU
		{8F34E8F1-507C-4E4E-9F9C-976A99ECDF4E}.Debug|Any CPU.Build.0 = Debug|Any CPU
		{8F34E8F1-507C-4E4E-9F9C-976A99ECDF4E}.Release|Any CPU.ActiveCfg = Release|Any CPU
		{8F34E8F1-507C-4E4E-9F9C-976A99ECDF4E}.Release|Any CPU.Build.0 = Release|Any CPU
		{79F8824B-BDF0-4132-8795-CE28A720D985}.Debug|Any CPU.ActiveCfg = Debug|Any CPU
		{79F8824B-BDF0-4132-8795-CE28A720D985}.Debug|Any CPU.Build.0 = Debug|Any CPU
		{79F8824B-BDF0-4132-8795-CE28A720D985}.Release|Any CPU.ActiveCfg = Release|Any CPU
		{79F8824B-BDF0-4132-8795-CE28A720D985}.Release|Any CPU.Build.0 = Release|Any CPU
	EndGlobalSection
	GlobalSection(SolutionProperties) = preSolution
		HideSolutionNode = FALSE
	EndGlobalSection
	GlobalSection(ExtensibilityGlobals) = postSolution
		SolutionGuid = {90361562-98D3-4395-9001-7BDEB8C0F2D7}
	EndGlobalSection
EndGlobal
